
Microsoft Visual Studio Solution File, Format Version 12.00
# Visual Studio 2012
Project("{FAE04EC0-301F-11D3-BF4B-00C04F79EFBC}") = "ADO_insert_ConsoleApplication", "ADO_insert_ConsoleApplication\ADO_insert_ConsoleApplication.csproj", "{02FF03E3-6436-4AF5-B075-D77B04538956}"
EndProject
Global
	GlobalSection(SolutionConfigurationPlatforms) = preSolution
		Debug|Any CPU = Debug|Any CPU
		Release|Any CPU = Release|Any CPU
	EndGlobalSection
	GlobalSection(ProjectConfigurationPlatforms) = postSolution
		{02FF03E3-6436-4AF5-B075-D77B04538956}.Debug|Any CPU.ActiveCfg = Debug|Any CPU
		{02FF03E3-6436-4AF5-B075-D77B04538956}.Debug|Any CPU.Build.0 = Debug|Any CPU
		{02FF03E3-6436-4AF5-B075-D77B04538956}.Release|Any CPU.ActiveCfg = Release|Any CPU
		{02FF03E3-6436-4AF5-B075-D77B04538956}.Release|Any CPU.Build.0 = Release|Any CPU
	EndGlobalSection
	GlobalSection(SolutionProperties) = preSolution
		HideSolutionNode = FALSE
	EndGlobalSection
EndGlobal
