
Microsoft Visual Studio Solution File, Format Version 12.00
# Visual Studio 2012
Project("{FAE04EC0-301F-11D3-BF4B-00C04F79EFBC}") = "WebApplication_twotable", "WebApplication_twotable\WebApplication_twotable.csproj", "{0BF3E2DC-1AF1-4ABA-996D-2630F1A9DA2B}"
EndProject
Global
	GlobalSection(SolutionConfigurationPlatforms) = preSolution
		Debug|Any CPU = Debug|Any CPU
		Release|Any CPU = Release|Any CPU
	EndGlobalSection
	GlobalSection(ProjectConfigurationPlatforms) = postSolution
		{0BF3E2DC-1AF1-4ABA-996D-2630F1A9DA2B}.Debug|Any CPU.ActiveCfg = Debug|Any CPU
		{0BF3E2DC-1AF1-4ABA-996D-2630F1A9DA2B}.Debug|Any CPU.Build.0 = Debug|Any CPU
		{0BF3E2DC-1AF1-4ABA-996D-2630F1A9DA2B}.Release|Any CPU.ActiveCfg = Release|Any CPU
		{0BF3E2DC-1AF1-4ABA-996D-2630F1A9DA2B}.Release|Any CPU.Build.0 = Release|Any CPU
	EndGlobalSection
	GlobalSection(SolutionProperties) = preSolution
		HideSolutionNode = FALSE
	EndGlobalSection
EndGlobal
