
Microsoft Visual Studio Solution File, Format Version 11.00
# Visual Studio 2010
Project("{FAE04EC0-301F-11D3-BF4B-00C04F79EFBC}") = "09check_box", "09check_box.csproj", "{AAADEEFD-7A69-48FC-87AD-5EA1D3B28AEC}"
EndProject
Global
	GlobalSection(SolutionConfigurationPlatforms) = preSolution
		Debug|Any CPU = Debug|Any CPU
		Release|Any CPU = Release|Any CPU
	EndGlobalSection
	GlobalSection(ProjectConfigurationPlatforms) = postSolution
		{AAADEEFD-7A69-48FC-87AD-5EA1D3B28AEC}.Debug|Any CPU.ActiveCfg = Debug|Any CPU
		{AAADEEFD-7A69-48FC-87AD-5EA1D3B28AEC}.Debug|Any CPU.Build.0 = Debug|Any CPU
		{AAADEEFD-7A69-48FC-87AD-5EA1D3B28AEC}.Release|Any CPU.ActiveCfg = Release|Any CPU
		{AAADEEFD-7A69-48FC-87AD-5EA1D3B28AEC}.Release|Any CPU.Build.0 = Release|Any CPU
	EndGlobalSection
	GlobalSection(SolutionProperties) = preSolution
		HideSolutionNode = FALSE
	EndGlobalSection
EndGlobal
