
Microsoft Visual Studio Solution File, Format Version 12.00
# Visual Studio 2012
Project("{FAE04EC0-301F-11D3-BF4B-00C04F79EFBC}") = "FirstDB", "FirstDB\FirstDB.csproj", "{097B8CF9-99EC-4C6D-873B-8A600ACD0340}"
EndProject
Global
	GlobalSection(SolutionConfigurationPlatforms) = preSolution
		Debug|Any CPU = Debug|Any CPU
		Release|Any CPU = Release|Any CPU
	EndGlobalSection
	GlobalSection(ProjectConfigurationPlatforms) = postSolution
		{097B8CF9-99EC-4C6D-873B-8A600ACD0340}.Debug|Any CPU.ActiveCfg = Debug|Any CPU
		{097B8CF9-99EC-4C6D-873B-8A600ACD0340}.Debug|Any CPU.Build.0 = Debug|Any CPU
		{097B8CF9-99EC-4C6D-873B-8A600ACD0340}.Release|Any CPU.ActiveCfg = Release|Any CPU
		{097B8CF9-99EC-4C6D-873B-8A600ACD0340}.Release|Any CPU.Build.0 = Release|Any CPU
	EndGlobalSection
	GlobalSection(SolutionProperties) = preSolution
		HideSolutionNode = FALSE
	EndGlobalSection
EndGlobal
