
Microsoft Visual Studio Solution File, Format Version 12.00
# Visual Studio 2012
Project("{FAE04EC0-301F-11D3-BF4B-00C04F79EFBC}") = "WebApplicationcache", "WebApplicationcache\WebApplicationcache.csproj", "{C06717A3-064E-4CB2-A765-BDB7CE8DC82A}"
EndProject
Global
	GlobalSection(SolutionConfigurationPlatforms) = preSolution
		Debug|Any CPU = Debug|Any CPU
		Release|Any CPU = Release|Any CPU
	EndGlobalSection
	GlobalSection(ProjectConfigurationPlatforms) = postSolution
		{C06717A3-064E-4CB2-A765-BDB7CE8DC82A}.Debug|Any CPU.ActiveCfg = Debug|Any CPU
		{C06717A3-064E-4CB2-A765-BDB7CE8DC82A}.Debug|Any CPU.Build.0 = Debug|Any CPU
		{C06717A3-064E-4CB2-A765-BDB7CE8DC82A}.Release|Any CPU.ActiveCfg = Release|Any CPU
		{C06717A3-064E-4CB2-A765-BDB7CE8DC82A}.Release|Any CPU.Build.0 = Release|Any CPU
	EndGlobalSection
	GlobalSection(SolutionProperties) = preSolution
		HideSolutionNode = FALSE
	EndGlobalSection
EndGlobal
