
Microsoft Visual Studio Solution File, Format Version 12.00
# Visual Studio 2012
Project("{FAE04EC0-301F-11D3-BF4B-00C04F79EFBC}") = "Accessmodifier_ConsoleApplication", "Accessmodifier_ConsoleApplication\Accessmodifier_ConsoleApplication.csproj", "{5BDA3357-0E52-43D7-AA43-4A6A2481EFF0}"
EndProject
Project("{FAE04EC0-301F-11D3-BF4B-00C04F79EFBC}") = "internalClassLibrary", "internalClassLibrary\internalClassLibrary.csproj", "{D19B537C-D32A-4220-AEF4-4DF82B360328}"
EndProject
Global
	GlobalSection(SolutionConfigurationPlatforms) = preSolution
		Debug|Any CPU = Debug|Any CPU
		Release|Any CPU = Release|Any CPU
	EndGlobalSection
	GlobalSection(ProjectConfigurationPlatforms) = postSolution
		{5BDA3357-0E52-43D7-AA43-4A6A2481EFF0}.Debug|Any CPU.ActiveCfg = Debug|Any CPU
		{5BDA3357-0E52-43D7-AA43-4A6A2481EFF0}.Debug|Any CPU.Build.0 = Debug|Any CPU
		{5BDA3357-0E52-43D7-AA43-4A6A2481EFF0}.Release|Any CPU.ActiveCfg = Release|Any CPU
		{5BDA3357-0E52-43D7-AA43-4A6A2481EFF0}.Release|Any CPU.Build.0 = Release|Any CPU
		{D19B537C-D32A-4220-AEF4-4DF82B360328}.Debug|Any CPU.ActiveCfg = Debug|Any CPU
		{D19B537C-D32A-4220-AEF4-4DF82B360328}.Debug|Any CPU.Build.0 = Debug|Any CPU
		{D19B537C-D32A-4220-AEF4-4DF82B360328}.Release|Any CPU.ActiveCfg = Release|Any CPU
		{D19B537C-D32A-4220-AEF4-4DF82B360328}.Release|Any CPU.Build.0 = Release|Any CPU
	EndGlobalSection
	GlobalSection(SolutionProperties) = preSolution
		HideSolutionNode = FALSE
	EndGlobalSection
EndGlobal
