
Microsoft Visual Studio Solution File, Format Version 12.00
# Visual Studio 2012
Project("{FAE04EC0-301F-11D3-BF4B-00C04F79EFBC}") = "Test3", "Test3\Test3.csproj", "{FCEF9144-FFD1-44C3-8608-AA8F4C9107BE}"
EndProject
Global
	GlobalSection(SolutionConfigurationPlatforms) = preSolution
		Debug|Any CPU = Debug|Any CPU
		Release|Any CPU = Release|Any CPU
	EndGlobalSection
	GlobalSection(ProjectConfigurationPlatforms) = postSolution
		{FCEF9144-FFD1-44C3-8608-AA8F4C9107BE}.Debug|Any CPU.ActiveCfg = Debug|Any CPU
		{FCEF9144-FFD1-44C3-8608-AA8F4C9107BE}.Debug|Any CPU.Build.0 = Debug|Any CPU
		{FCEF9144-FFD1-44C3-8608-AA8F4C9107BE}.Release|Any CPU.ActiveCfg = Release|Any CPU
		{FCEF9144-FFD1-44C3-8608-AA8F4C9107BE}.Release|Any CPU.Build.0 = Release|Any CPU
	EndGlobalSection
	GlobalSection(SolutionProperties) = preSolution
		HideSolutionNode = FALSE
	EndGlobalSection
EndGlobal
