
Microsoft Visual Studio Solution File, Format Version 12.00
# Visual Studio 2012
Project("{FAE04EC0-301F-11D3-BF4B-00C04F79EFBC}") = "MvcApplication1", "MvcApplication1\MvcApplication1.csproj", "{A978D091-AE2E-44A6-88A6-25C55D3488CA}"
EndProject
Global
	GlobalSection(SolutionConfigurationPlatforms) = preSolution
		Debug|Any CPU = Debug|Any CPU
		Release|Any CPU = Release|Any CPU
	EndGlobalSection
	GlobalSection(ProjectConfigurationPlatforms) = postSolution
		{A978D091-AE2E-44A6-88A6-25C55D3488CA}.Debug|Any CPU.ActiveCfg = Debug|Any CPU
		{A978D091-AE2E-44A6-88A6-25C55D3488CA}.Debug|Any CPU.Build.0 = Debug|Any CPU
		{A978D091-AE2E-44A6-88A6-25C55D3488CA}.Release|Any CPU.ActiveCfg = Release|Any CPU
		{A978D091-AE2E-44A6-88A6-25C55D3488CA}.Release|Any CPU.Build.0 = Release|Any CPU
	EndGlobalSection
	GlobalSection(SolutionProperties) = preSolution
		HideSolutionNode = FALSE
	EndGlobalSection
EndGlobal
